// !$*UTF8*$!
{
	archiveVersion = 1;
	classes = {
	};
	objectVersion = 50;
	objects = {

/* Begin PBXBuildFile section */
		70F35A34B60669F5236AFB96 /* Pods_RxSwiftTestApp.framework in Frameworks */ = {isa = PBXBuildFile; fileRef = 544B8B6AB5DAD2B72D5F2438 /* Pods_RxSwiftTestApp.framework */; };
		8108A59522E11EF800746FEB /* CoordinatorProtocol.swift in Sources */ = {isa = PBXBuildFile; fileRef = 8108A59422E11EF800746FEB /* CoordinatorProtocol.swift */; };
		8108A59722E1579400746FEB /* MainCoordinator.swift in Sources */ = {isa = PBXBuildFile; fileRef = 8108A59622E1579400746FEB /* MainCoordinator.swift */; };
		810ACBE022CFDDCF002DE469 /* AppDelegate.swift in Sources */ = {isa = PBXBuildFile; fileRef = 810ACBDF22CFDDCF002DE469 /* AppDelegate.swift */; };
		810ACBE222CFDDCF002DE469 /* ColorsViewController.swift in Sources */ = {isa = PBXBuildFile; fileRef = 810ACBE122CFDDCF002DE469 /* ColorsViewController.swift */; };
		810ACBE522CFDDCF002DE469 /* Main.storyboard in Resources */ = {isa = PBXBuildFile; fileRef = 810ACBE322CFDDCF002DE469 /* Main.storyboard */; };
		810ACBE722CFDDD2002DE469 /* Assets.xcassets in Resources */ = {isa = PBXBuildFile; fileRef = 810ACBE622CFDDD2002DE469 /* Assets.xcassets */; };
		810ACBEA22CFDDD2002DE469 /* LaunchScreen.storyboard in Resources */ = {isa = PBXBuildFile; fileRef = 810ACBE822CFDDD2002DE469 /* LaunchScreen.storyboard */; };
		810ACBF222CFE828002DE469 /* TextViewController.swift in Sources */ = {isa = PBXBuildFile; fileRef = 810ACBF122CFE828002DE469 /* TextViewController.swift */; };
		810ACBF422CFE860002DE469 /* ColorsView.swift in Sources */ = {isa = PBXBuildFile; fileRef = 810ACBF322CFE860002DE469 /* ColorsView.swift */; };
		810ACBF622CFE86F002DE469 /* TextView.swift in Sources */ = {isa = PBXBuildFile; fileRef = 810ACBF522CFE86F002DE469 /* TextView.swift */; };
		810ACBF822CFE8A1002DE469 /* ColorsViewControllerViewModel.swift in Sources */ = {isa = PBXBuildFile; fileRef = 810ACBF722CFE8A1002DE469 /* ColorsViewControllerViewModel.swift */; };
		810ACBFA22CFE8B6002DE469 /* TextViewControllerViewModel.swift in Sources */ = {isa = PBXBuildFile; fileRef = 810ACBF922CFE8B6002DE469 /* TextViewControllerViewModel.swift */; };
/* End PBXBuildFile section */

/* Begin PBXFileReference section */
		544B8B6AB5DAD2B72D5F2438 /* Pods_RxSwiftTestApp.framework */ = {isa = PBXFileReference; explicitFileType = wrapper.framework; includeInIndex = 0; path = Pods_RxSwiftTestApp.framework; sourceTree = BUILT_PRODUCTS_DIR; };
		71ABD8E7FD9F886B6ED527E2 /* Pods-RxSwiftTestApp.release.xcconfig */ = {isa = PBXFileReference; includeInIndex = 1; lastKnownFileType = text.xcconfig; name = "Pods-RxSwiftTestApp.release.xcconfig"; path = "Pods/Target Support Files/Pods-RxSwiftTestApp/Pods-RxSwiftTestApp.release.xcconfig"; sourceTree = "<group>"; };
		8108A59422E11EF800746FEB /* CoordinatorProtocol.swift */ = {isa = PBXFileReference; lastKnownFileType = sourcecode.swift; path = CoordinatorProtocol.swift; sourceTree = "<group>"; };
		8108A59622E1579400746FEB /* MainCoordinator.swift */ = {isa = PBXFileReference; lastKnownFileType = sourcecode.swift; path = MainCoordinator.swift; sourceTree = "<group>"; };
		810ACBDC22CFDDCF002DE469 /* RxSwiftTestApp.app */ = {isa = PBXFileReference; explicitFileType = wrapper.application; includeInIndex = 0; path = RxSwiftTestApp.app; sourceTree = BUILT_PRODUCTS_DIR; };
		810ACBDF22CFDDCF002DE469 /* AppDelegate.swift */ = {isa = PBXFileReference; lastKnownFileType = sourcecode.swift; path = AppDelegate.swift; sourceTree = "<group>"; };
		810ACBE122CFDDCF002DE469 /* ColorsViewController.swift */ = {isa = PBXFileReference; lastKnownFileType = sourcecode.swift; path = ColorsViewController.swift; sourceTree = "<group>"; };
		810ACBE422CFDDCF002DE469 /* Base */ = {isa = PBXFileReference; lastKnownFileType = file.storyboard; name = Base; path = Base.lproj/Main.storyboard; sourceTree = "<group>"; };
		810ACBE622CFDDD2002DE469 /* Assets.xcassets */ = {isa = PBXFileReference; lastKnownFileType = folder.assetcatalog; path = Assets.xcassets; sourceTree = "<group>"; };
		810ACBE922CFDDD2002DE469 /* Base */ = {isa = PBXFileReference; lastKnownFileType = file.storyboard; name = Base; path = Base.lproj/LaunchScreen.storyboard; sourceTree = "<group>"; };
		810ACBEB22CFDDD2002DE469 /* Info.plist */ = {isa = PBXFileReference; lastKnownFileType = text.plist.xml; path = Info.plist; sourceTree = "<group>"; };
		810ACBF122CFE828002DE469 /* TextViewController.swift */ = {isa = PBXFileReference; lastKnownFileType = sourcecode.swift; path = TextViewController.swift; sourceTree = "<group>"; };
		810ACBF322CFE860002DE469 /* ColorsView.swift */ = {isa = PBXFileReference; lastKnownFileType = sourcecode.swift; path = ColorsView.swift; sourceTree = "<group>"; };
		810ACBF522CFE86F002DE469 /* TextView.swift */ = {isa = PBXFileReference; lastKnownFileType = sourcecode.swift; path = TextView.swift; sourceTree = "<group>"; };
		810ACBF722CFE8A1002DE469 /* ColorsViewControllerViewModel.swift */ = {isa = PBXFileReference; lastKnownFileType = sourcecode.swift; path = ColorsViewControllerViewModel.swift; sourceTree = "<group>"; };
		810ACBF922CFE8B6002DE469 /* TextViewControllerViewModel.swift */ = {isa = PBXFileReference; lastKnownFileType = sourcecode.swift; path = TextViewControllerViewModel.swift; sourceTree = "<group>"; };
		952847C2559B7CCFA55E9410 /* Pods-RxSwiftTestApp.debug.xcconfig */ = {isa = PBXFileReference; includeInIndex = 1; lastKnownFileType = text.xcconfig; name = "Pods-RxSwiftTestApp.debug.xcconfig"; path = "Pods/Target Support Files/Pods-RxSwiftTestApp/Pods-RxSwiftTestApp.debug.xcconfig"; sourceTree = "<group>"; };
/* End PBXFileReference section */

/* Begin PBXFrameworksBuildPhase section */
		810ACBD922CFDDCF002DE469 /* Frameworks */ = {
			isa = PBXFrameworksBuildPhase;
			buildActionMask = 2147483647;
			files = (
				70F35A34B60669F5236AFB96 /* Pods_RxSwiftTestApp.framework in Frameworks */,
			);
			runOnlyForDeploymentPostprocessing = 0;
		};
/* End PBXFrameworksBuildPhase section */

/* Begin PBXGroup section */
		3287E576488130AE47D24F20 /* Frameworks */ = {
			isa = PBXGroup;
			children = (
				544B8B6AB5DAD2B72D5F2438 /* Pods_RxSwiftTestApp.framework */,
			);
			name = Frameworks;
			sourceTree = "<group>";
		};
		8108A59122E11E6F00746FEB /* RxColors */ = {
			isa = PBXGroup;
			children = (
				810ACBE122CFDDCF002DE469 /* ColorsViewController.swift */,
				810ACBF722CFE8A1002DE469 /* ColorsViewControllerViewModel.swift */,
				810ACBF322CFE860002DE469 /* ColorsView.swift */,
			);
			path = RxColors;
			sourceTree = "<group>";
		};
		8108A59222E11E9A00746FEB /* RxText */ = {
			isa = PBXGroup;
			children = (
				810ACBF122CFE828002DE469 /* TextViewController.swift */,
				810ACBF922CFE8B6002DE469 /* TextViewControllerViewModel.swift */,
				810ACBF522CFE86F002DE469 /* TextView.swift */,
			);
			path = RxText;
			sourceTree = "<group>";
		};
		8108A59322E11ED400746FEB /* Coordinator */ = {
			isa = PBXGroup;
			children = (
				8108A59422E11EF800746FEB /* CoordinatorProtocol.swift */,
				8108A59622E1579400746FEB /* MainCoordinator.swift */,
			);
			path = Coordinator;
			sourceTree = "<group>";
		};
		810ACBD322CFDDCF002DE469 = {
			isa = PBXGroup;
			children = (
				810ACBDE22CFDDCF002DE469 /* RxSwiftTestApp */,
				810ACBDD22CFDDCF002DE469 /* Products */,
				E1AD359EAE65D80FFB026BED /* Pods */,
				3287E576488130AE47D24F20 /* Frameworks */,
			);
			sourceTree = "<group>";
		};
		810ACBDD22CFDDCF002DE469 /* Products */ = {
			isa = PBXGroup;
			children = (
				810ACBDC22CFDDCF002DE469 /* RxSwiftTestApp.app */,
			);
			name = Products;
			sourceTree = "<group>";
		};
		810ACBDE22CFDDCF002DE469 /* RxSwiftTestApp */ = {
			isa = PBXGroup;
			children = (
				810ACBDF22CFDDCF002DE469 /* AppDelegate.swift */,
				8108A59322E11ED400746FEB /* Coordinator */,
				8108A59122E11E6F00746FEB /* RxColors */,
				8108A59222E11E9A00746FEB /* RxText */,
				810ACBE322CFDDCF002DE469 /* Main.storyboard */,
				810ACBE622CFDDD2002DE469 /* Assets.xcassets */,
				810ACBE822CFDDD2002DE469 /* LaunchScreen.storyboard */,
				810ACBEB22CFDDD2002DE469 /* Info.plist */,
			);
			path = RxSwiftTestApp;
			sourceTree = "<group>";
		};
		E1AD359EAE65D80FFB026BED /* Pods */ = {
			isa = PBXGroup;
			children = (
				952847C2559B7CCFA55E9410 /* Pods-RxSwiftTestApp.debug.xcconfig */,
				71ABD8E7FD9F886B6ED527E2 /* Pods-RxSwiftTestApp.release.xcconfig */,
			);
			name = Pods;
			sourceTree = "<group>";
		};
/* End PBXGroup section */

/* Begin PBXNativeTarget section */
		810ACBDB22CFDDCF002DE469 /* RxSwiftTestApp */ = {
			isa = PBXNativeTarget;
			buildConfigurationList = 810ACBEE22CFDDD2002DE469 /* Build configuration list for PBXNativeTarget "RxSwiftTestApp" */;
			buildPhases = (
				B3D56A71002EC5A4627B27D1 /* [CP] Check Pods Manifest.lock */,
				810ACBD822CFDDCF002DE469 /* Sources */,
				810ACBD922CFDDCF002DE469 /* Frameworks */,
				810ACBDA22CFDDCF002DE469 /* Resources */,
				9B21C7691B294355F7DBFF76 /* [CP] Embed Pods Frameworks */,
			);
			buildRules = (
			);
			dependencies = (
			);
			name = RxSwiftTestApp;
			productName = RxSwiftTestApp;
			productReference = 810ACBDC22CFDDCF002DE469 /* RxSwiftTestApp.app */;
			productType = "com.apple.product-type.application";
		};
/* End PBXNativeTarget section */

/* Begin PBXProject section */
		810ACBD422CFDDCF002DE469 /* Project object */ = {
			isa = PBXProject;
			attributes = {
				LastSwiftUpdateCheck = 1010;
				LastUpgradeCheck = 1010;
				ORGANIZATIONNAME = "Vikash Hart";
				TargetAttributes = {
					810ACBDB22CFDDCF002DE469 = {
						CreatedOnToolsVersion = 10.1;
					};
				};
			};
			buildConfigurationList = 810ACBD722CFDDCF002DE469 /* Build configuration list for PBXProject "RxSwiftTestApp" */;
			compatibilityVersion = "Xcode 9.3";
			developmentRegion = en;
			hasScannedForEncodings = 0;
			knownRegions = (
				en,
				Base,
			);
			mainGroup = 810ACBD322CFDDCF002DE469;
			productRefGroup = 810ACBDD22CFDDCF002DE469 /* Products */;
			projectDirPath = "";
			projectRoot = "";
			targets = (
				810ACBDB22CFDDCF002DE469 /* RxSwiftTestApp */,
			);
		};
/* End PBXProject section */

/* Begin PBXResourcesBuildPhase section */
		810ACBDA22CFDDCF002DE469 /* Resources */ = {
			isa = PBXResourcesBuildPhase;
			buildActionMask = 2147483647;
			files = (
				810ACBEA22CFDDD2002DE469 /* LaunchScreen.storyboard in Resources */,
				810ACBE722CFDDD2002DE469 /* Assets.xcassets in Resources */,
				810ACBE522CFDDCF002DE469 /* Main.storyboard in Resources */,
			);
			runOnlyForDeploymentPostprocessing = 0;
		};
/* End PBXResourcesBuildPhase section */

/* Begin PBXShellScriptBuildPhase section */
		9B21C7691B294355F7DBFF76 /* [CP] Embed Pods Frameworks */ = {
			isa = PBXShellScriptBuildPhase;
			buildActionMask = 2147483647;
			files = (
			);
			inputFileListPaths = (
			);
			inputPaths = (
				"${SRCROOT}/Pods/Target Support Files/Pods-RxSwiftTestApp/Pods-RxSwiftTestApp-frameworks.sh",
				"${BUILT_PRODUCTS_DIR}/RxAtomic/RxAtomic.framework",
				"${BUILT_PRODUCTS_DIR}/RxSwift/RxSwift.framework",
			);
			name = "[CP] Embed Pods Frameworks";
			outputFileListPaths = (
			);
			outputPaths = (
				"${TARGET_BUILD_DIR}/${FRAMEWORKS_FOLDER_PATH}/RxAtomic.framework",
				"${TARGET_BUILD_DIR}/${FRAMEWORKS_FOLDER_PATH}/RxSwift.framework",
			);
			runOnlyForDeploymentPostprocessing = 0;
			shellPath = /bin/sh;
			shellScript = "\"${SRCROOT}/Pods/Target Support Files/Pods-RxSwiftTestApp/Pods-RxSwiftTestApp-frameworks.sh\"\n";
			showEnvVarsInLog = 0;
		};
		B3D56A71002EC5A4627B27D1 /* [CP] Check Pods Manifest.lock */ = {
			isa = PBXShellScriptBuildPhase;
			buildActionMask = 2147483647;
			files = (
			);
			inputFileListPaths = (
			);
			inputPaths = (
				"${PODS_PODFILE_DIR_PATH}/Podfile.lock",
				"${PODS_ROOT}/Manifest.lock",
			);
			name = "[CP] Check Pods Manifest.lock";
			outputFileListPaths = (
			);
			outputPaths = (
				"$(DERIVED_FILE_DIR)/Pods-RxSwiftTestApp-checkManifestLockResult.txt",
			);
			runOnlyForDeploymentPostprocessing = 0;
			shellPath = /bin/sh;
			shellScript = "diff \"${PODS_PODFILE_DIR_PATH}/Podfile.lock\" \"${PODS_ROOT}/Manifest.lock\" > /dev/null\nif [ $? != 0 ] ; then\n    # print error to STDERR\n    echo \"error: The sandbox is not in sync with the Podfile.lock. Run 'pod install' or update your CocoaPods installation.\" >&2\n    exit 1\nfi\n# This output is used by Xcode 'outputs' to avoid re-running this script phase.\necho \"SUCCESS\" > \"${SCRIPT_OUTPUT_FILE_0}\"\n";
			showEnvVarsInLog = 0;
		};
/* End PBXShellScriptBuildPhase section */

/* Begin PBXSourcesBuildPhase section */
		810ACBD822CFDDCF002DE469 /* Sources */ = {
			isa = PBXSourcesBuildPhase;
			buildActionMask = 2147483647;
			files = (
				810ACBF422CFE860002DE469 /* ColorsView.swift in Sources */,
				810ACBE222CFDDCF002DE469 /* ColorsViewController.swift in Sources */,
				8108A59522E11EF800746FEB /* CoordinatorProtocol.swift in Sources */,
				810ACBF822CFE8A1002DE469 /* ColorsViewControllerViewModel.swift in Sources */,
				810ACBE022CFDDCF002DE469 /* AppDelegate.swift in Sources */,
				810ACBF222CFE828002DE469 /* TextViewController.swift in Sources */,
				810ACBF622CFE86F002DE469 /* TextView.swift in Sources */,
				8108A59722E1579400746FEB /* MainCoordinator.swift in Sources */,
				810ACBFA22CFE8B6002DE469 /* TextViewControllerViewModel.swift in Sources */,
			);
			runOnlyForDeploymentPostprocessing = 0;
		};
/* End PBXSourcesBuildPhase section */

/* Begin PBXVariantGroup section */
		810ACBE322CFDDCF002DE469 /* Main.storyboard */ = {
			isa = PBXVariantGroup;
			children = (
				810ACBE422CFDDCF002DE469 /* Base */,
			);
			name = Main.storyboard;
			sourceTree = "<group>";
		};
		810ACBE822CFDDD2002DE469 /* LaunchScreen.storyboard */ = {
			isa = PBXVariantGroup;
			children = (
				810ACBE922CFDDD2002DE469 /* Base */,
			);
			name = LaunchScreen.storyboard;
			sourceTree = "<group>";
		};
/* End PBXVariantGroup section */

/* Begin XCBuildConfiguration section */
		810ACBEC22CFDDD2002DE469 /* Debug */ = {
			isa = XCBuildConfiguration;
			buildSettings = {
				ALWAYS_SEARCH_USER_PATHS = NO;
				CLANG_ANALYZER_NONNULL = YES;
				CLANG_ANALYZER_NUMBER_OBJECT_CONVERSION = YES_AGGRESSIVE;
				CLANG_CXX_LANGUAGE_STANDARD = "gnu++14";
				CLANG_CXX_LIBRARY = "libc++";
				CLANG_ENABLE_MODULES = YES;
				CLANG_ENABLE_OBJC_ARC = YES;
				CLANG_ENABLE_OBJC_WEAK = YES;
				CLANG_WARN_BLOCK_CAPTURE_AUTORELEASING = YES;
				CLANG_WARN_BOOL_CONVERSION = YES;
				CLANG_WARN_COMMA = YES;
				CLANG_WARN_CONSTANT_CONVERSION = YES;
				CLANG_WARN_DEPRECATED_OBJC_IMPLEMENTATIONS = YES;
				CLANG_WARN_DIRECT_OBJC_ISA_USAGE = YES_ERROR;
				CLANG_WARN_DOCUMENTATION_COMMENTS = YES;
				CLANG_WARN_EMPTY_BODY = YES;
				CLANG_WARN_ENUM_CONVERSION = YES;
				CLANG_WARN_INFINITE_RECURSION = YES;
				CLANG_WARN_INT_CONVERSION = YES;
				CLANG_WARN_NON_LITERAL_NULL_CONVERSION = YES;
				CLANG_WARN_OBJC_IMPLICIT_RETAIN_SELF = YES;
				CLANG_WARN_OBJC_LITERAL_CONVERSION = YES;
				CLANG_WARN_OBJC_ROOT_CLASS = YES_ERROR;
				CLANG_WARN_RANGE_LOOP_ANALYSIS = YES;
				CLANG_WARN_STRICT_PROTOTYPES = YES;
				CLANG_WARN_SUSPICIOUS_MOVE = YES;
				CLANG_WARN_UNGUARDED_AVAILABILITY = YES_AGGRESSIVE;
				CLANG_WARN_UNREACHABLE_CODE = YES;
				CLANG_WARN__DUPLICATE_METHOD_MATCH = YES;
				CODE_SIGN_IDENTITY = "iPhone Developer";
				COPY_PHASE_STRIP = NO;
				DEBUG_INFORMATION_FORMAT = dwarf;
				ENABLE_STRICT_OBJC_MSGSEND = YES;
				ENABLE_TESTABILITY = YES;
				GCC_C_LANGUAGE_STANDARD = gnu11;
				GCC_DYNAMIC_NO_PIC = NO;
				GCC_NO_COMMON_BLOCKS = YES;
				GCC_OPTIMIZATION_LEVEL = 0;
				GCC_PREPROCESSOR_DEFINITIONS = (
					"DEBUG=1",
					"$(inherited)",
				);
				GCC_WARN_64_TO_32_BIT_CONVERSION = YES;
				GCC_WARN_ABOUT_RETURN_TYPE = YES_ERROR;
				GCC_WARN_UNDECLARED_SELECTOR = YES;
				GCC_WARN_UNINITIALIZED_AUTOS = YES_AGGRESSIVE;
				GCC_WARN_UNUSED_FUNCTION = YES;
				GCC_WARN_UNUSED_VARIABLE = YES;
				IPHONEOS_DEPLOYMENT_TARGET = 12.1;
				MTL_ENABLE_DEBUG_INFO = INCLUDE_SOURCE;
				MTL_FAST_MATH = YES;
				ONLY_ACTIVE_ARCH = YES;
				SDKROOT = iphoneos;
				SWIFT_ACTIVE_COMPILATION_CONDITIONS = DEBUG;
				SWIFT_OPTIMIZATION_LEVEL = "-Onone";
			};
			name = Debug;
		};
		810ACBED22CFDDD2002DE469 /* Release */ = {
			isa = XCBuildConfiguration;
			buildSettings = {
				ALWAYS_SEARCH_USER_PATHS = NO;
				CLANG_ANALYZER_NONNULL = YES;
				CLANG_ANALYZER_NUMBER_OBJECT_CONVERSION = YES_AGGRESSIVE;
				CLANG_CXX_LANGUAGE_STANDARD = "gnu++14";
				CLANG_CXX_LIBRARY = "libc++";
				CLANG_ENABLE_MODULES = YES;
				CLANG_ENABLE_OBJC_ARC = YES;
				CLANG_ENABLE_OBJC_WEAK = YES;
				CLANG_WARN_BLOCK_CAPTURE_AUTORELEASING = YES;
				CLANG_WARN_BOOL_CONVERSION = YES;
				CLANG_WARN_COMMA = YES;
				CLANG_WARN_CONSTANT_CONVERSION = YES;
				CLANG_WARN_DEPRECATED_OBJC_IMPLEMENTATIONS = YES;
				CLANG_WARN_DIRECT_OBJC_ISA_USAGE = YES_ERROR;
				CLANG_WARN_DOCUMENTATION_COMMENTS = YES;
				CLANG_WARN_EMPTY_BODY = YES;
				CLANG_WARN_ENUM_CONVERSION = YES;
				CLANG_WARN_INFINITE_RECURSION = YES;
				CLANG_WARN_INT_CONVERSION = YES;
				CLANG_WARN_NON_LITERAL_NULL_CONVERSION = YES;
				CLANG_WARN_OBJC_IMPLICIT_RETAIN_SELF = YES;
				CLANG_WARN_OBJC_LITERAL_CONVERSION = YES;
				CLANG_WARN_OBJC_ROOT_CLASS = YES_ERROR;
				CLANG_WARN_RANGE_LOOP_ANALYSIS = YES;
				CLANG_WARN_STRICT_PROTOTYPES = YES;
				CLANG_WARN_SUSPICIOUS_MOVE = YES;
				CLANG_WARN_UNGUARDED_AVAILABILITY = YES_AGGRESSIVE;
				CLANG_WARN_UNREACHABLE_CODE = YES;
				CLANG_WARN__DUPLICATE_METHOD_MATCH = YES;
				CODE_SIGN_IDENTITY = "iPhone Developer";
				COPY_PHASE_STRIP = NO;
				DEBUG_INFORMATION_FORMAT = "dwarf-with-dsym";
				ENABLE_NS_ASSERTIONS = NO;
				ENABLE_STRICT_OBJC_MSGSEND = YES;
				GCC_C_LANGUAGE_STANDARD = gnu11;
				GCC_NO_COMMON_BLOCKS = YES;
				GCC_WARN_64_TO_32_BIT_CONVERSION = YES;
				GCC_WARN_ABOUT_RETURN_TYPE = YES_ERROR;
				GCC_WARN_UNDECLARED_SELECTOR = YES;
				GCC_WARN_UNINITIALIZED_AUTOS = YES_AGGRESSIVE;
				GCC_WARN_UNUSED_FUNCTION = YES;
				GCC_WARN_UNUSED_VARIABLE = YES;
				IPHONEOS_DEPLOYMENT_TARGET = 12.1;
				MTL_ENABLE_DEBUG_INFO = NO;
				MTL_FAST_MATH = YES;
				SDKROOT = iphoneos;
				SWIFT_COMPILATION_MODE = wholemodule;
				SWIFT_OPTIMIZATION_LEVEL = "-O";
				VALIDATE_PRODUCT = YES;
			};
			name = Release;
		};
		810ACBEF22CFDDD2002DE469 /* Debug */ = {
			isa = XCBuildConfiguration;
			baseConfigurationReference = 952847C2559B7CCFA55E9410 /* Pods-RxSwiftTestApp.debug.xcconfig */;
			buildSettings = {
				ASSETCATALOG_COMPILER_APPICON_NAME = AppIcon;
				CODE_SIGN_STYLE = Automatic;
				DEVELOPMENT_TEAM = 63X7US2LVV;
				INFOPLIST_FILE = RxSwiftTestApp/Info.plist;
				IPHONEOS_DEPLOYMENT_TARGET = 11.4;
				LD_RUNPATH_SEARCH_PATHS = (
					"$(inherited)",
					"@executable_path/Frameworks",
				);
				PRODUCT_BUNDLE_IDENTIFIER = "Vikash-Hart.RxSwiftTestApp";
				PRODUCT_NAME = "$(TARGET_NAME)";
				SWIFT_VERSION = 4.2;
				TARGETED_DEVICE_FAMILY = "1,2";
			};
			name = Debug;
		};
		810ACBF022CFDDD2002DE469 /* Release */ = {
			isa = XCBuildConfiguration;
			baseConfigurationReference = 71ABD8E7FD9F886B6ED527E2 /* Pods-RxSwiftTestApp.release.xcconfig */;
			buildSettings = {
				ASSETCATALOG_COMPILER_APPICON_NAME = AppIcon;
				CODE_SIGN_STYLE = Automatic;
				DEVELOPMENT_TEAM = 63X7US2LVV;
				INFOPLIST_FILE = RxSwiftTestApp/Info.plist;
				IPHONEOS_DEPLOYMENT_TARGET = 11.4;
				LD_RUNPATH_SEARCH_PATHS = (
					"$(inherited)",
					"@executable_path/Frameworks",
				);
				PRODUCT_BUNDLE_IDENTIFIER = "Vikash-Hart.RxSwiftTestApp";
				PRODUCT_NAME = "$(TARGET_NAME)";
				SWIFT_VERSION = 4.2;
				TARGETED_DEVICE_FAMILY = "1,2";
			};
			name = Release;
		};
/* End XCBuildConfiguration section */

/* Begin XCConfigurationList section */
		810ACBD722CFDDCF002DE469 /* Build configuration list for PBXProject "RxSwiftTestApp" */ = {
			isa = XCConfigurationList;
			buildConfigurations = (
				810ACBEC22CFDDD2002DE469 /* Debug */,
				810ACBED22CFDDD2002DE469 /* Release */,
			);
			defaultConfigurationIsVisible = 0;
			defaultConfigurationName = Release;
		};
		810ACBEE22CFDDD2002DE469 /* Build configuration list for PBXNativeTarget "RxSwiftTestApp" */ = {
			isa = XCConfigurationList;
			buildConfigurations = (
				810ACBEF22CFDDD2002DE469 /* Debug */,
				810ACBF022CFDDD2002DE469 /* Release */,
			);
			defaultConfigurationIsVisible = 0;
			defaultConfigurationName = Release;
		};
/* End XCConfigurationList section */
	};
	rootObject = 810ACBD422CFDDCF002DE469 /* Project object */;
}
